
Microsoft Visual Studio Solution File, Format Version 12.00
# Visual Studio Version 17
VisualStudioVersion = 17.5.33516.290
MinimumVisualStudioVersion = 10.0.40219.1
Project("{FAE04EC0-301F-11D3-BF4B-00C04F79EFBC}") = "FxAPI", "FxAPI\FxAPI.csproj", "{861B6B9A-A37A-495F-8993-4D3C04E459ED}"
EndProject
Global
	GlobalSection(SolutionConfigurationPlatforms) = preSolution
		Debug|Any CPU = Debug|Any CPU
		Release|Any CPU = Release|Any CPU
	EndGlobalSection
	GlobalSection(ProjectConfigurationPlatforms) = postSolution
		{861B6B9A-A37A-495F-8993-4D3C04E459ED}.Debug|Any CPU.ActiveCfg = Debug|Any CPU
		{861B6B9A-A37A-495F-8993-4D3C04E459ED}.Debug|Any CPU.Build.0 = Debug|Any CPU
		{861B6B9A-A37A-495F-8993-4D3C04E459ED}.Release|Any CPU.ActiveCfg = Release|Any CPU
		{861B6B9A-A37A-495F-8993-4D3C04E459ED}.Release|Any CPU.Build.0 = Release|Any CPU
	EndGlobalSection
	GlobalSection(SolutionProperties) = preSolution
		HideSolutionNode = FALSE
	EndGlobalSection
	GlobalSection(ExtensibilityGlobals) = postSolution
		SolutionGuid = {65933AAF-18BF-4DA8-8365-3AF833512A2A}
	EndGlobalSection
EndGlobal
